
Microsoft Visual Studio Solution File, Format Version 12.00
# Visual Studio Version 17
VisualStudioVersion = 17.11.35312.102
MinimumVisualStudioVersion = 10.0.40219.1
Project("{FAE04EC0-301F-11D3-BF4B-00C04F79EFBC}") = "BAL", "BAL\BAL.csproj", "{C4AF4B54-1E34-4BB9-A229-946A739DD312}"
EndProject
Project("{FAE04EC0-301F-11D3-BF4B-00C04F79EFBC}") = "DAL", "DAL\DAL.csproj", "{2CB893E7-1F9A-472C-9A09-A9854B586387}"
EndProject
Project("{FAE04EC0-301F-11D3-BF4B-00C04F79EFBC}") = "BEPeer", "BEPeer\BEPeer.csproj", "{8B20C930-3867-40B5-844D-A95BF457DB9E}"
EndProject
Global
	GlobalSection(SolutionConfigurationPlatforms) = preSolution
		Debug|Any CPU = Debug|Any CPU
		Release|Any CPU = Release|Any CPU
	EndGlobalSection
	GlobalSection(ProjectConfigurationPlatforms) = postSolution
		{C4AF4B54-1E34-4BB9-A229-946A739DD312}.Debug|Any CPU.ActiveCfg = Debug|Any CPU
		{C4AF4B54-1E34-4BB9-A229-946A739DD312}.Debug|Any CPU.Build.0 = Debug|Any CPU
		{C4AF4B54-1E34-4BB9-A229-946A739DD312}.Release|Any CPU.ActiveCfg = Release|Any CPU
		{C4AF4B54-1E34-4BB9-A229-946A739DD312}.Release|Any CPU.Build.0 = Release|Any CPU
		{2CB893E7-1F9A-472C-9A09-A9854B586387}.Debug|Any CPU.ActiveCfg = Debug|Any CPU
		{2CB893E7-1F9A-472C-9A09-A9854B586387}.Debug|Any CPU.Build.0 = Debug|Any CPU
		{2CB893E7-1F9A-472C-9A09-A9854B586387}.Release|Any CPU.ActiveCfg = Release|Any CPU
		{2CB893E7-1F9A-472C-9A09-A9854B586387}.Release|Any CPU.Build.0 = Release|Any CPU
		{8B20C930-3867-40B5-844D-A95BF457DB9E}.Debug|Any CPU.ActiveCfg = Debug|Any CPU
		{8B20C930-3867-40B5-844D-A95BF457DB9E}.Debug|Any CPU.Build.0 = Debug|Any CPU
		{8B20C930-3867-40B5-844D-A95BF457DB9E}.Release|Any CPU.ActiveCfg = Release|Any CPU
		{8B20C930-3867-40B5-844D-A95BF457DB9E}.Release|Any CPU.Build.0 = Release|Any CPU
	EndGlobalSection
	GlobalSection(SolutionProperties) = preSolution
		HideSolutionNode = FALSE
	EndGlobalSection
	GlobalSection(ExtensibilityGlobals) = postSolution
		SolutionGuid = {B82ED5D7-61FE-48E2-B7EA-433CDE29D9CE}
	EndGlobalSection
EndGlobal
